
Microsoft Visual Studio Solution File, Format Version 12.00
# Visual Studio Version 16
VisualStudioVersion = 16.0.31112.23
MinimumVisualStudioVersion = 10.0.40219.1
Project("{FAE04EC0-301F-11D3-BF4B-00C04F79EFBC}") = "InvertMouse", "InvertMouse\InvertMouse.csproj", "{00B59BF5-249A-41DD-8FD1-E30D641F4356}"
EndProject
Global
	GlobalSection(SolutionConfigurationPlatforms) = preSolution
		Debug|Any CPU = Debug|Any CPU
		Release|Any CPU = Release|Any CPU
	EndGlobalSection
	GlobalSection(ProjectConfigurationPlatforms) = postSolution
		{00B59BF5-249A-41DD-8FD1-E30D641F4356}.Debug|Any CPU.ActiveCfg = Debug|Any CPU
		{00B59BF5-249A-41DD-8FD1-E30D641F4356}.Debug|Any CPU.Build.0 = Debug|Any CPU
		{00B59BF5-249A-41DD-8FD1-E30D641F4356}.Release|Any CPU.ActiveCfg = Release|Any CPU
		{00B59BF5-249A-41DD-8FD1-E30D641F4356}.Release|Any CPU.Build.0 = Release|Any CPU
	EndGlobalSection
	GlobalSection(SolutionProperties) = preSolution
		HideSolutionNode = FALSE
	EndGlobalSection
	GlobalSection(ExtensibilityGlobals) = postSolution
		SolutionGuid = {2E5CC128-975C-447A-9364-3B7DEE367D1A}
	EndGlobalSection
EndGlobal
